
Microsoft Visual Studio Solution File, Format Version 12.00
# Visual Studio Version 16
VisualStudioVersion = 16.0.29905.134
MinimumVisualStudioVersion = 10.0.40219.1
Project("{FAE04EC0-301F-11D3-BF4B-00C04F79EFBC}") = "Async-Inn-Frontend", "Async-Inn-Frontend\Async-Inn-Frontend.csproj", "{855253E6-F121-4321-AE7F-075FFC07E42E}"
EndProject
Global
	GlobalSection(SolutionConfigurationPlatforms) = preSolution
		Debug|Any CPU = Debug|Any CPU
		Release|Any CPU = Release|Any CPU
	EndGlobalSection
	GlobalSection(ProjectConfigurationPlatforms) = postSolution
		{855253E6-F121-4321-AE7F-075FFC07E42E}.Debug|Any CPU.ActiveCfg = Debug|Any CPU
		{855253E6-F121-4321-AE7F-075FFC07E42E}.Debug|Any CPU.Build.0 = Debug|Any CPU
		{855253E6-F121-4321-AE7F-075FFC07E42E}.Release|Any CPU.ActiveCfg = Release|Any CPU
		{855253E6-F121-4321-AE7F-075FFC07E42E}.Release|Any CPU.Build.0 = Release|Any CPU
	EndGlobalSection
	GlobalSection(SolutionProperties) = preSolution
		HideSolutionNode = FALSE
	EndGlobalSection
	GlobalSection(ExtensibilityGlobals) = postSolution
		SolutionGuid = {887D596A-EA60-4495-BD30-8345EB2B72B4}
	EndGlobalSection
EndGlobal
